
Microsoft Visual Studio Solution File, Format Version 12.00
# Visual Studio Version 17
VisualStudioVersion = 17.8.34525.116
MinimumVisualStudioVersion = 10.0.40219.1
Project("{FAE04EC0-301F-11D3-BF4B-00C04F79EFBC}") = "ConsoleAppWithDITemplate", "ConsoleAppWithDITemplate\ConsoleAppWithDITemplate.csproj", "{44166815-53F0-4DFF-9A4C-F8528C573EA3}"
EndProject
Global
	GlobalSection(SolutionConfigurationPlatforms) = preSolution
		Debug|Any CPU = Debug|Any CPU
		Release|Any CPU = Release|Any CPU
	EndGlobalSection
	GlobalSection(ProjectConfigurationPlatforms) = postSolution
		{44166815-53F0-4DFF-9A4C-F8528C573EA3}.Debug|Any CPU.ActiveCfg = Debug|Any CPU
		{44166815-53F0-4DFF-9A4C-F8528C573EA3}.Debug|Any CPU.Build.0 = Debug|Any CPU
		{44166815-53F0-4DFF-9A4C-F8528C573EA3}.Release|Any CPU.ActiveCfg = Release|Any CPU
		{44166815-53F0-4DFF-9A4C-F8528C573EA3}.Release|Any CPU.Build.0 = Release|Any CPU
	EndGlobalSection
	GlobalSection(SolutionProperties) = preSolution
		HideSolutionNode = FALSE
	EndGlobalSection
	GlobalSection(ExtensibilityGlobals) = postSolution
		SolutionGuid = {D8C77527-F8E9-4E28-8292-EB7110B37CF7}
	EndGlobalSection
EndGlobal
